PODS:
  - Eureka (4.1.1)
  - SAConfettiView (0.1.8)
  - SplitRow (1.0.0):
    - Eureka (~> 4.1.0)
  - TapticEngine (1.1.0)
  - Toast-Swift (3.0.1)
  - UIEmptyState (3.1.0)
  - ZAlertView (1.0.4)

DEPENDENCIES:
  - Eureka
  - SAConfettiView (from `https://github.com/Shanlon/SAConfettiView.git`)
  - SplitRow (from `https://github.com/kamerc/SplitRow.git`, branch `cocoapod-support`)
  - TapticEngine
  - Toast-Swift (~> 3.0.1)
  - UIEmptyState
  - ZAlertView

SPEC REPOS:
  https://github.com/CocoaPods/Specs.git:
    - Eureka
    - TapticEngine
    - Toast-Swift
    - UIEmptyState
    - ZAlertView

EXTERNAL SOURCES:
  SAConfettiView:
    :git: https://github.com/Shanlon/SAConfettiView.git
  SplitRow:
    :branch: cocoapod-support
    :git: https://github.com/kamerc/SplitRow.git

CHECKOUT OPTIONS:
  SAConfettiView:
    :commit: c3d602ba939278d28cf7634d0cf5b38d113cd8d2
    :git: https://github.com/Shanlon/SAConfettiView.git
  SplitRow:
    :commit: 26e465913dc2de63177000a9727144c0e95d65cf
    :git: https://github.com/kamerc/SplitRow.git

SPEC CHECKSUMS:
  Eureka: b88fb930e42c79f8c03c373d0fcdc28c1d6c50ed
  SAConfettiView: c87031a2280659261b730fce3669fb10e73636ee
  SplitRow: c5b570fd39c3a2c292b16ce07784c3b23d7c19b3
  TapticEngine: b78b5513432b3c01af2ebbe018c0995778306757
  Toast-Swift: ba0b01b095aada709d915f9beb1d38184a2721c3
  UIEmptyState: 9b501dc90933ce2743949ecbf18c20ffb33a2be9
  ZAlertView: 59fffdb4e37a01df461835566d5101052b8af953

PODFILE CHECKSUM: a2deaebfec2050b929168b3dc8a1ac65c3be75c1

COCOAPODS: 1.5.0
